{
  "name": "automata-local",
  "version": "0.1.0",
  "lockfileVersion": 3,
  "requires": true,
  "packages": {
    "": {
      "name": "automata-local",
      "version": "0.1.0",
      "license": "MIT",
      "dependencies": {
        "mercadopago": "^3.2.0"
      },
      "engines": {
        "node": ">=20"
      }
    },
    "node_modules/mercadopago": {
      "version": "3.2.0",
      "resolved": "https://registry.npmjs.org/mercadopago/-/mercadopago-3.2.0.tgz",
      "integrity": "sha512-9keIOj21CpIvpLepeUp+VTUejiD7Dc2eCy2yqW21G4yBtj3Ey2E4AsnFrxRfGchtRc6L7qxA3YNkT4N7IcWj+g==",
      "engines": {
        "node": ">=18"
      }
    }
  }
}
